// !$*UTF8*$!
{
	archiveVersion = 1;
	classes = {
	};
	objectVersion = 50;
	objects = {

/* Begin PBXBuildFile section */
		E5BD97422475CD0C00B47D02 /* AppDelegate.swift in Sources */ = {isa = PBXBuildFile; fileRef = E5BD97412475CD0C00B47D02 /* AppDelegate.swift */; };
		E5BD97442475CD0C00B47D02 /* SceneDelegate.swift in Sources */ = {isa = PBXBuildFile; fileRef = E5BD97432475CD0C00B47D02 /* SceneDelegate.swift */; };
		E5BD97462475CD0C00B47D02 /* ViewController.swift in Sources */ = {isa = PBXBuildFile; fileRef = E5BD97452475CD0C00B47D02 /* ViewController.swift */; };
		E5BD97492475CD0C00B47D02 /* Main.storyboard in Resources */ = {isa = PBXBuildFile; fileRef = E5BD97472475CD0C00B47D02 /* Main.storyboard */; };
		E5BD974B2475CD0E00B47D02 /* Assets.xcassets in Resources */ = {isa = PBXBuildFile; fileRef = E5BD974A2475CD0E00B47D02 /* Assets.xcassets */; };
		E5BD974E2475CD0E00B47D02 /* LaunchScreen.storyboard in Resources */ = {isa = PBXBuildFile; fileRef = E5BD974C2475CD0E00B47D02 /* LaunchScreen.storyboard */; };
		E5BD97562475D0EB00B47D02 /* WebPage in Resources */ = {isa = PBXBuildFile; fileRef = E5BD97552475D0EA00B47D02 /* WebPage */; };
		E5BD97592475D31A00B47D02 /* WebKit.framework in Frameworks */ = {isa = PBXBuildFile; fileRef = E5BD97582475D31A00B47D02 /* WebKit.framework */; };
/* End PBXBuildFile section */

/* Begin PBXFileReference section */
		E5BD973E2475CD0C00B47D02 /* WKWebViewSample.app */ = {isa = PBXFileReference; explicitFileType = wrapper.application; includeInIndex = 0; path = WKWebViewSample.app; sourceTree = BUILT_PRODUCTS_DIR; };
		E5BD97412475CD0C00B47D02 /* AppDelegate.swift */ = {isa = PBXFileReference; lastKnownFileType = sourcecode.swift; path = AppDelegate.swift; sourceTree = "<group>"; };
		E5BD97432475CD0C00B47D02 /* SceneDelegate.swift */ = {isa = PBXFileReference; lastKnownFileType = sourcecode.swift; path = SceneDelegate.swift; sourceTree = "<group>"; };
		E5BD97452475CD0C00B47D02 /* ViewController.swift */ = {isa = PBXFileReference; lastKnownFileType = sourcecode.swift; path = ViewController.swift; sourceTree = "<group>"; };
		E5BD97482475CD0C00B47D02 /* Base */ = {isa = PBXFileReference; lastKnownFileType = file.storyboard; name = Base; path = Base.lproj/Main.storyboard; sourceTree = "<group>"; };
		E5BD974A2475CD0E00B47D02 /* Assets.xcassets */ = {isa = PBXFileReference; lastKnownFileType = folder.assetcatalog; path = Assets.xcassets; sourceTree = "<group>"; };
		E5BD974D2475CD0E00B47D02 /* Base */ = {isa = PBXFileReference; lastKnownFileType = file.storyboard; name = Base; path = Base.lproj/LaunchScreen.storyboard; sourceTree = "<group>"; };
		E5BD974F2475CD0E00B47D02 /* Info.plist */ = {isa = PBXFileReference; lastKnownFileType = text.plist.xml; path = Info.plist; sourceTree = "<group>"; };
		E5BD97552475D0EA00B47D02 /* WebPage */ = {isa = PBXFileReference; lastKnownFileType = folder; path = WebPage; sourceTree = "<group>"; };
		E5BD97582475D31A00B47D02 /* WebKit.framework */ = {isa = PBXFileReference; lastKnownFileType = wrapper.framework; name = WebKit.framework; path = System/Library/Frameworks/WebKit.framework; sourceTree = SDKROOT; };
/* End PBXFileReference section */

/* Begin PBXFrameworksBuildPhase section */
		E5BD973B2475CD0C00B47D02 /* Frameworks */ = {
			isa = PBXFrameworksBuildPhase;
			buildActionMask = 2147483647;
			files = (
				E5BD97592475D31A00B47D02 /* WebKit.framework in Frameworks */,
			);
			runOnlyForDeploymentPostprocessing = 0;
		};
/* End PBXFrameworksBuildPhase section */

/* Begin PBXGroup section */
		E5BD97352475CD0C00B47D02 = {
			isa = PBXGroup;
			children = (
				E5BD97402475CD0C00B47D02 /* WKWebViewSample */,
				E5BD973F2475CD0C00B47D02 /* Products */,
				E5BD97572475D31A00B47D02 /* Frameworks */,
			);
			sourceTree = "<group>";
		};
		E5BD973F2475CD0C00B47D02 /* Products */ = {
			isa = PBXGroup;
			children = (
				E5BD973E2475CD0C00B47D02 /* WKWebViewSample.app */,
			);
			name = Products;
			sourceTree = "<group>";
		};
		E5BD97402475CD0C00B47D02 /* WKWebViewSample */ = {
			isa = PBXGroup;
			children = (
				E5BD97552475D0EA00B47D02 /* WebPage */,
				E5BD97412475CD0C00B47D02 /* AppDelegate.swift */,
				E5BD97432475CD0C00B47D02 /* SceneDelegate.swift */,
				E5BD97452475CD0C00B47D02 /* ViewController.swift */,
				E5BD97472475CD0C00B47D02 /* Main.storyboard */,
				E5BD974A2475CD0E00B47D02 /* Assets.xcassets */,
				E5BD974C2475CD0E00B47D02 /* LaunchScreen.storyboard */,
				E5BD974F2475CD0E00B47D02 /* Info.plist */,
			);
			path = WKWebViewSample;
			sourceTree = "<group>";
		};
		E5BD97572475D31A00B47D02 /* Frameworks */ = {
			isa = PBXGroup;
			children = (
				E5BD97582475D31A00B47D02 /* WebKit.framework */,
			);
			name = Frameworks;
			sourceTree = "<group>";
		};
/* End PBXGroup section */

/* Begin PBXNativeTarget section */
		E5BD973D2475CD0C00B47D02 /* WKWebViewSample */ = {
			isa = PBXNativeTarget;
			buildConfigurationList = E5BD97522475CD0E00B47D02 /* Build configuration list for PBXNativeTarget "WKWebViewSample" */;
			buildPhases = (
				E5BD973A2475CD0C00B47D02 /* Sources */,
				E5BD973B2475CD0C00B47D02 /* Frameworks */,
				E5BD973C2475CD0C00B47D02 /* Resources */,
			);
			buildRules = (
			);
			dependencies = (
			);
			name = WKWebViewSample;
			productName = WKWebViewSample;
			productReference = E5BD973E2475CD0C00B47D02 /* WKWebViewSample.app */;
			productType = "com.apple.product-type.application";
		};
/* End PBXNativeTarget section */

/* Begin PBXProject section */
		E5BD97362475CD0C00B47D02 /* Project object */ = {
			isa = PBXProject;
			attributes = {
				LastSwiftUpdateCheck = 1140;
				LastUpgradeCheck = 1140;
				ORGANIZATIONNAME = K.Hatano;
				TargetAttributes = {
					E5BD973D2475CD0C00B47D02 = {
						CreatedOnToolsVersion = 11.4;
					};
				};
			};
			buildConfigurationList = E5BD97392475CD0C00B47D02 /* Build configuration list for PBXProject "WKWebViewSample" */;
			compatibilityVersion = "Xcode 9.3";
			developmentRegion = en;
			hasScannedForEncodings = 0;
			knownRegions = (
				en,
				Base,
			);
			mainGroup = E5BD97352475CD0C00B47D02;
			productRefGroup = E5BD973F2475CD0C00B47D02 /* Products */;
			projectDirPath = "";
			projectRoot = "";
			targets = (
				E5BD973D2475CD0C00B47D02 /* WKWebViewSample */,
			);
		};
/* End PBXProject section */

/* Begin PBXResourcesBuildPhase section */
		E5BD973C2475CD0C00B47D02 /* Resources */ = {
			isa = PBXResourcesBuildPhase;
			buildActionMask = 2147483647;
			files = (
				E5BD974E2475CD0E00B47D02 /* LaunchScreen.storyboard in Resources */,
				E5BD974B2475CD0E00B47D02 /* Assets.xcassets in Resources */,
				E5BD97562475D0EB00B47D02 /* WebPage in Resources */,
				E5BD97492475CD0C00B47D02 /* Main.storyboard in Resources */,
			);
			runOnlyForDeploymentPostprocessing = 0;
		};
/* End PBXResourcesBuildPhase section */

/* Begin PBXSourcesBuildPhase section */
		E5BD973A2475CD0C00B47D02 /* Sources */ = {
			isa = PBXSourcesBuildPhase;
			buildActionMask = 2147483647;
			files = (
				E5BD97462475CD0C00B47D02 /* ViewController.swift in Sources */,
				E5BD97422475CD0C00B47D02 /* AppDelegate.swift in Sources */,
				E5BD97442475CD0C00B47D02 /* SceneDelegate.swift in Sources */,
			);
			runOnlyForDeploymentPostprocessing = 0;
		};
/* End PBXSourcesBuildPhase section */

/* Begin PBXVariantGroup section */
		E5BD97472475CD0C00B47D02 /* Main.storyboard */ = {
			isa = PBXVariantGroup;
			children = (
				E5BD97482475CD0C00B47D02 /* Base */,
			);
			name = Main.storyboard;
			sourceTree = "<group>";
		};
		E5BD974C2475CD0E00B47D02 /* LaunchScreen.storyboard */ = {
			isa = PBXVariantGroup;
			children = (
				E5BD974D2475CD0E00B47D02 /* Base */,
			);
			name = LaunchScreen.storyboard;
			sourceTree = "<group>";
		};
/* End PBXVariantGroup section */

/* Begin XCBuildConfiguration section */
		E5BD97502475CD0E00B47D02 /* Debug */ = {
			isa = XCBuildConfiguration;
			buildSettings = {
				ALWAYS_SEARCH_USER_PATHS = NO;
				CLANG_ANALYZER_NONNULL = YES;
				CLANG_ANALYZER_NUMBER_OBJECT_CONVERSION = YES_AGGRESSIVE;
				CLANG_CXX_LANGUAGE_STANDARD = "gnu++14";
				CLANG_CXX_LIBRARY = "libc++";
				CLANG_ENABLE_MODULES = YES;
				CLANG_ENABLE_OBJC_ARC = YES;
				CLANG_ENABLE_OBJC_WEAK = YES;
				CLANG_WARN_BLOCK_CAPTURE_AUTORELEASING = YES;
				CLANG_WARN_BOOL_CONVERSION = YES;
				CLANG_WARN_COMMA = YES;
				CLANG_WARN_CONSTANT_CONVERSION = YES;
				CLANG_WARN_DEPRECATED_OBJC_IMPLEMENTATIONS = YES;
				CLANG_WARN_DIRECT_OBJC_ISA_USAGE = YES_ERROR;
				CLANG_WARN_DOCUMENTATION_COMMENTS = YES;
				CLANG_WARN_EMPTY_BODY = YES;
				CLANG_WARN_ENUM_CONVERSION = YES;
				CLANG_WARN_INFINITE_RECURSION = YES;
				CLANG_WARN_INT_CONVERSION = YES;
				CLANG_WARN_NON_LITERAL_NULL_CONVERSION = YES;
				CLANG_WARN_OBJC_IMPLICIT_RETAIN_SELF = YES;
				CLANG_WARN_OBJC_LITERAL_CONVERSION = YES;
				CLANG_WARN_OBJC_ROOT_CLASS = YES_ERROR;
				CLANG_WARN_RANGE_LOOP_ANALYSIS = YES;
				CLANG_WARN_STRICT_PROTOTYPES = YES;
				CLANG_WARN_SUSPICIOUS_MOVE = YES;
				CLANG_WARN_UNGUARDED_AVAILABILITY = YES_AGGRESSIVE;
				CLANG_WARN_UNREACHABLE_CODE = YES;
				CLANG_WARN__DUPLICATE_METHOD_MATCH = YES;
				COPY_PHASE_STRIP = NO;
				DEBUG_INFORMATION_FORMAT = dwarf;
				ENABLE_STRICT_OBJC_MSGSEND = YES;
				ENABLE_TESTABILITY = YES;
				GCC_C_LANGUAGE_STANDARD = gnu11;
				GCC_DYNAMIC_NO_PIC = NO;
				GCC_NO_COMMON_BLOCKS = YES;
				GCC_OPTIMIZATION_LEVEL = 0;
				GCC_PREPROCESSOR_DEFINITIONS = (
					"DEBUG=1",
					"$(inherited)",
				);
				GCC_WARN_64_TO_32_BIT_CONVERSION = YES;
				GCC_WARN_ABOUT_RETURN_TYPE = YES_ERROR;
				GCC_WARN_UNDECLARED_SELECTOR = YES;
				GCC_WARN_UNINITIALIZED_AUTOS = YES_AGGRESSIVE;
				GCC_WARN_UNUSED_FUNCTION = YES;
				GCC_WARN_UNUSED_VARIABLE = YES;
				IPHONEOS_DEPLOYMENT_TARGET = 13.4;
				MTL_ENABLE_DEBUG_INFO = INCLUDE_SOURCE;
				MTL_FAST_MATH = YES;
				ONLY_ACTIVE_ARCH = YES;
				SDKROOT = iphoneos;
				SWIFT_ACTIVE_COMPILATION_CONDITIONS = DEBUG;
				SWIFT_OPTIMIZATION_LEVEL = "-Onone";
			};
			name = Debug;
		};
		E5BD97512475CD0E00B47D02 /* Release */ = {
			isa = XCBuildConfiguration;
			buildSettings = {
				ALWAYS_SEARCH_USER_PATHS = NO;
				CLANG_ANALYZER_NONNULL = YES;
				CLANG_ANALYZER_NUMBER_OBJECT_CONVERSION = YES_AGGRESSIVE;
				CLANG_CXX_LANGUAGE_STANDARD = "gnu++14";
				CLANG_CXX_LIBRARY = "libc++";
				CLANG_ENABLE_MODULES = YES;
				CLANG_ENABLE_OBJC_ARC = YES;
				CLANG_ENABLE_OBJC_WEAK = YES;
				CLANG_WARN_BLOCK_CAPTURE_AUTORELEASING = YES;
				CLANG_WARN_BOOL_CONVERSION = YES;
				CLANG_WARN_COMMA = YES;
				CLANG_WARN_CONSTANT_CONVERSION = YES;
				CLANG_WARN_DEPRECATED_OBJC_IMPLEMENTATIONS = YES;
				CLANG_WARN_DIRECT_OBJC_ISA_USAGE = YES_ERROR;
				CLANG_WARN_DOCUMENTATION_COMMENTS = YES;
				CLANG_WARN_EMPTY_BODY = YES;
				CLANG_WARN_ENUM_CONVERSION = YES;
				CLANG_WARN_INFINITE_RECURSION = YES;
				CLANG_WARN_INT_CONVERSION = YES;
				CLANG_WARN_NON_LITERAL_NULL_CONVERSION = YES;
				CLANG_WARN_OBJC_IMPLICIT_RETAIN_SELF = YES;
				CLANG_WARN_OBJC_LITERAL_CONVERSION = YES;
				CLANG_WARN_OBJC_ROOT_CLASS = YES_ERROR;
				CLANG_WARN_RANGE_LOOP_ANALYSIS = YES;
				CLANG_WARN_STRICT_PROTOTYPES = YES;
				CLANG_WARN_SUSPICIOUS_MOVE = YES;
				CLANG_WARN_UNGUARDED_AVAILABILITY = YES_AGGRESSIVE;
				CLANG_WARN_UNREACHABLE_CODE = YES;
				CLANG_WARN__DUPLICATE_METHOD_MATCH = YES;
				COPY_PHASE_STRIP = NO;
				DEBUG_INFORMATION_FORMAT = "dwarf-with-dsym";
				ENABLE_NS_ASSERTIONS = NO;
				ENABLE_STRICT_OBJC_MSGSEND = YES;
				GCC_C_LANGUAGE_STANDARD = gnu11;
				GCC_NO_COMMON_BLOCKS = YES;
				GCC_WARN_64_TO_32_BIT_CONVERSION = YES;
				GCC_WARN_ABOUT_RETURN_TYPE = YES_ERROR;
				GCC_WARN_UNDECLARED_SELECTOR = YES;
				GCC_WARN_UNINITIALIZED_AUTOS = YES_AGGRESSIVE;
				GCC_WARN_UNUSED_FUNCTION = YES;
				GCC_WARN_UNUSED_VARIABLE = YES;
				IPHONEOS_DEPLOYMENT_TARGET = 13.4;
				MTL_ENABLE_DEBUG_INFO = NO;
				MTL_FAST_MATH = YES;
				SDKROOT = iphoneos;
				SWIFT_COMPILATION_MODE = wholemodule;
				SWIFT_OPTIMIZATION_LEVEL = "-O";
				VALIDATE_PRODUCT = YES;
			};
			name = Release;
		};
		E5BD97532475CD0E00B47D02 /* Debug */ = {
			isa = XCBuildConfiguration;
			buildSettings = {
				ASSETCATALOG_COMPILER_APPICON_NAME = AppIcon;
				CODE_SIGN_STYLE = Automatic;
				DEVELOPMENT_TEAM = 86W5YV4A4X;
				INFOPLIST_FILE = WKWebViewSample/Info.plist;
				LD_RUNPATH_SEARCH_PATHS = (
					"$(inherited)",
					"@executable_path/Frameworks",
				);
				PRODUCT_BUNDLE_IDENTIFIER = com.github.k28..WKWebViewSample;
				PRODUCT_NAME = "$(TARGET_NAME)";
				SWIFT_VERSION = 5.0;
				TARGETED_DEVICE_FAMILY = "1,2";
			};
			name = Debug;
		};
		E5BD97542475CD0E00B47D02 /* Release */ = {
			isa = XCBuildConfiguration;
			buildSettings = {
				ASSETCATALOG_COMPILER_APPICON_NAME = AppIcon;
				CODE_SIGN_STYLE = Automatic;
				DEVELOPMENT_TEAM = 86W5YV4A4X;
				INFOPLIST_FILE = WKWebViewSample/Info.plist;
				LD_RUNPATH_SEARCH_PATHS = (
					"$(inherited)",
					"@executable_path/Frameworks",
				);
				PRODUCT_BUNDLE_IDENTIFIER = com.github.k28..WKWebViewSample;
				PRODUCT_NAME = "$(TARGET_NAME)";
				SWIFT_VERSION = 5.0;
				TARGETED_DEVICE_FAMILY = "1,2";
			};
			name = Release;
		};
/* End XCBuildConfiguration section */

/* Begin XCConfigurationList section */
		E5BD97392475CD0C00B47D02 /* Build configuration list for PBXProject "WKWebViewSample" */ = {
			isa = XCConfigurationList;
			buildConfigurations = (
				E5BD97502475CD0E00B47D02 /* Debug */,
				E5BD97512475CD0E00B47D02 /* Release */,
			);
			defaultConfigurationIsVisible = 0;
			defaultConfigurationName = Release;
		};
		E5BD97522475CD0E00B47D02 /* Build configuration list for PBXNativeTarget "WKWebViewSample" */ = {
			isa = XCConfigurationList;
			buildConfigurations = (
				E5BD97532475CD0E00B47D02 /* Debug */,
				E5BD97542475CD0E00B47D02 /* Release */,
			);
			defaultConfigurationIsVisible = 0;
			defaultConfigurationName = Release;
		};
/* End XCConfigurationList section */
	};
	rootObject = E5BD97362475CD0C00B47D02 /* Project object */;
}
